
Microsoft Visual Studio Solution File, Format Version 11.00
# Visual Studio 2010
Project("{FAE04EC0-301F-11D3-BF4B-00C04F79EFBC}") = "CrazyAdventureOfJackson", "Assembly-CSharp.csproj", "{872E21E6-5E4E-24F0-4DEB-72D3793E4E19}"
EndProject
Project("{FAE04EC0-301F-11D3-BF4B-00C04F79EFBC}") = "CrazyAdventureOfJackson", "Assembly-CSharp-Editor.csproj", "{22905CD9-1574-A08D-6635-21F59B9FBA1B}"
EndProject
Global
	GlobalSection(SolutionConfigurationPlatforms) = preSolution
		Debug|Any CPU = Debug|Any CPU
		Release|Any CPU = Release|Any CPU
	EndGlobalSection
	GlobalSection(ProjectConfigurationPlatforms) = postSolution
		{872E21E6-5E4E-24F0-4DEB-72D3793E4E19}.Debug|Any CPU.ActiveCfg = Debug|Any CPU
		{872E21E6-5E4E-24F0-4DEB-72D3793E4E19}.Debug|Any CPU.Build.0 = Debug|Any CPU
		{872E21E6-5E4E-24F0-4DEB-72D3793E4E19}.Release|Any CPU.ActiveCfg = Release|Any CPU
		{872E21E6-5E4E-24F0-4DEB-72D3793E4E19}.Release|Any CPU.Build.0 = Release|Any CPU
		{22905CD9-1574-A08D-6635-21F59B9FBA1B}.Debug|Any CPU.ActiveCfg = Debug|Any CPU
		{22905CD9-1574-A08D-6635-21F59B9FBA1B}.Debug|Any CPU.Build.0 = Debug|Any CPU
		{22905CD9-1574-A08D-6635-21F59B9FBA1B}.Release|Any CPU.ActiveCfg = Release|Any CPU
		{22905CD9-1574-A08D-6635-21F59B9FBA1B}.Release|Any CPU.Build.0 = Release|Any CPU
	EndGlobalSection
	GlobalSection(SolutionProperties) = preSolution
		HideSolutionNode = FALSE
	EndGlobalSection
	GlobalSection(MonoDevelopProperties) = preSolution
		StartupItem = Assembly-CSharp.csproj
	EndGlobalSection
EndGlobal
